
Microsoft Visual Studio Solution File, Format Version 12.00
# Visual Studio 15
VisualStudioVersion = 15.0.27703.2000
MinimumVisualStudioVersion = 10.0.40219.1
Project("{FAE04EC0-301F-11D3-BF4B-00C04F79EFBC}") = "RoomReservationContracts", "RoomReservationContracts\RoomReservationContracts.csproj", "{92535E80-5C1E-4900-9E2A-93552DAD9E9E}"
EndProject
Project("{9A19103F-16F7-4668-BE54-9A1E7A4F7556}") = "RoomReservationData1", "RoomReservationData1\RoomReservationData1.csproj", "{CF8D8A83-812D-4212-9B1D-9D56D2C8A234}"
EndProject
Global
	GlobalSection(SolutionConfigurationPlatforms) = preSolution
		Debug|Any CPU = Debug|Any CPU
		Release|Any CPU = Release|Any CPU
	EndGlobalSection
	GlobalSection(ProjectConfigurationPlatforms) = postSolution
		{92535E80-5C1E-4900-9E2A-93552DAD9E9E}.Debug|Any CPU.ActiveCfg = Debug|Any CPU
		{92535E80-5C1E-4900-9E2A-93552DAD9E9E}.Debug|Any CPU.Build.0 = Debug|Any CPU
		{92535E80-5C1E-4900-9E2A-93552DAD9E9E}.Release|Any CPU.ActiveCfg = Release|Any CPU
		{92535E80-5C1E-4900-9E2A-93552DAD9E9E}.Release|Any CPU.Build.0 = Release|Any CPU
		{CF8D8A83-812D-4212-9B1D-9D56D2C8A234}.Debug|Any CPU.ActiveCfg = Debug|Any CPU
		{CF8D8A83-812D-4212-9B1D-9D56D2C8A234}.Debug|Any CPU.Build.0 = Debug|Any CPU
		{CF8D8A83-812D-4212-9B1D-9D56D2C8A234}.Release|Any CPU.ActiveCfg = Release|Any CPU
		{CF8D8A83-812D-4212-9B1D-9D56D2C8A234}.Release|Any CPU.Build.0 = Release|Any CPU
	EndGlobalSection
	GlobalSection(SolutionProperties) = preSolution
		HideSolutionNode = FALSE
	EndGlobalSection
	GlobalSection(ExtensibilityGlobals) = postSolution
		SolutionGuid = {B67588B3-19E7-4595-BFB6-CCA7CF69B511}
	EndGlobalSection
EndGlobal
