
Microsoft Visual Studio Solution File, Format Version 12.00
# Visual Studio 15
VisualStudioVersion = 15.0.27703.2000
MinimumVisualStudioVersion = 10.0.40219.1
Project("{2150E333-8FDC-42A3-9474-1A3956D46DE8}") = "HTTP", "HTTP", "{9AD285FF-3113-4215-97D6-E6250AA658B3}"
EndProject
Project("{FAE04EC0-301F-11D3-BF4B-00C04F79EFBC}") = "HttpClientSample", "HttpClientSample\HttpClientSample.csproj", "{BF8708DC-E47A-4EF7-AE36-C5B15FA4F12B}"
EndProject
Project("{FAE04EC0-301F-11D3-BF4B-00C04F79EFBC}") = "HttpServer", "HttpServer\HttpServer.csproj", "{93BB62DF-A80E-47BF-B3ED-76D137B71994}"
EndProject
Project("{FAE04EC0-301F-11D3-BF4B-00C04F79EFBC}") = "Utilities", "Utilities\Utilities.csproj", "{9155079D-FF94-4ECC-999D-25F292951B92}"
EndProject
Project("{FAE04EC0-301F-11D3-BF4B-00C04F79EFBC}") = "DnsLookup", "DnsLookup\DnsLookup.csproj", "{EE7BB8FF-77FA-49E8-945C-30DE7C8024C2}"
EndProject
Global
	GlobalSection(SolutionConfigurationPlatforms) = preSolution
		Debug|Any CPU = Debug|Any CPU
		Release|Any CPU = Release|Any CPU
	EndGlobalSection
	GlobalSection(ProjectConfigurationPlatforms) = postSolution
		{BF8708DC-E47A-4EF7-AE36-C5B15FA4F12B}.Debug|Any CPU.ActiveCfg = Debug|Any CPU
		{BF8708DC-E47A-4EF7-AE36-C5B15FA4F12B}.Debug|Any CPU.Build.0 = Debug|Any CPU
		{BF8708DC-E47A-4EF7-AE36-C5B15FA4F12B}.Release|Any CPU.ActiveCfg = Release|Any CPU
		{BF8708DC-E47A-4EF7-AE36-C5B15FA4F12B}.Release|Any CPU.Build.0 = Release|Any CPU
		{93BB62DF-A80E-47BF-B3ED-76D137B71994}.Debug|Any CPU.ActiveCfg = Debug|Any CPU
		{93BB62DF-A80E-47BF-B3ED-76D137B71994}.Debug|Any CPU.Build.0 = Debug|Any CPU
		{93BB62DF-A80E-47BF-B3ED-76D137B71994}.Release|Any CPU.ActiveCfg = Release|Any CPU
		{93BB62DF-A80E-47BF-B3ED-76D137B71994}.Release|Any CPU.Build.0 = Release|Any CPU
		{9155079D-FF94-4ECC-999D-25F292951B92}.Debug|Any CPU.ActiveCfg = Debug|Any CPU
		{9155079D-FF94-4ECC-999D-25F292951B92}.Debug|Any CPU.Build.0 = Debug|Any CPU
		{9155079D-FF94-4ECC-999D-25F292951B92}.Release|Any CPU.ActiveCfg = Release|Any CPU
		{9155079D-FF94-4ECC-999D-25F292951B92}.Release|Any CPU.Build.0 = Release|Any CPU
		{EE7BB8FF-77FA-49E8-945C-30DE7C8024C2}.Debug|Any CPU.ActiveCfg = Debug|Any CPU
		{EE7BB8FF-77FA-49E8-945C-30DE7C8024C2}.Debug|Any CPU.Build.0 = Debug|Any CPU
		{EE7BB8FF-77FA-49E8-945C-30DE7C8024C2}.Release|Any CPU.ActiveCfg = Release|Any CPU
		{EE7BB8FF-77FA-49E8-945C-30DE7C8024C2}.Release|Any CPU.Build.0 = Release|Any CPU
	EndGlobalSection
	GlobalSection(SolutionProperties) = preSolution
		HideSolutionNode = FALSE
	EndGlobalSection
	GlobalSection(NestedProjects) = preSolution
		{BF8708DC-E47A-4EF7-AE36-C5B15FA4F12B} = {9AD285FF-3113-4215-97D6-E6250AA658B3}
		{93BB62DF-A80E-47BF-B3ED-76D137B71994} = {9AD285FF-3113-4215-97D6-E6250AA658B3}
	EndGlobalSection
	GlobalSection(ExtensibilityGlobals) = postSolution
		SolutionGuid = {5B812A3D-3EEE-4686-B009-97046CEEBE2C}
	EndGlobalSection
EndGlobal
